
Microsoft Visual Studio Solution File, Format Version 12.00
# Visual Studio Version 17
VisualStudioVersion = 17.2.32505.173
MinimumVisualStudioVersion = 10.0.40219.1
Project("{FAE04EC0-301F-11D3-BF4B-00C04F79EFBC}") = "CombinedFunction", "CombinedFunction\CombinedFunction.csproj", "{06A24B2E-CE5B-45E4-9C40-C667A9C330D4}"
EndProject
Global
	GlobalSection(SolutionConfigurationPlatforms) = preSolution
		Debug|Any CPU = Debug|Any CPU
		Release|Any CPU = Release|Any CPU
	EndGlobalSection
	GlobalSection(ProjectConfigurationPlatforms) = postSolution
		{06A24B2E-CE5B-45E4-9C40-C667A9C330D4}.Debug|Any CPU.ActiveCfg = Debug|Any CPU
		{06A24B2E-CE5B-45E4-9C40-C667A9C330D4}.Debug|Any CPU.Build.0 = Debug|Any CPU
		{06A24B2E-CE5B-45E4-9C40-C667A9C330D4}.Release|Any CPU.ActiveCfg = Release|Any CPU
		{06A24B2E-CE5B-45E4-9C40-C667A9C330D4}.Release|Any CPU.Build.0 = Release|Any CPU
	EndGlobalSection
	GlobalSection(SolutionProperties) = preSolution
		HideSolutionNode = FALSE
	EndGlobalSection
	GlobalSection(ExtensibilityGlobals) = postSolution
		SolutionGuid = {3910D307-95D6-4152-8EFE-063B860D6BFE}
	EndGlobalSection
EndGlobal
